
Microsoft Visual Studio Solution File, Format Version 12.00
Project("{FAE04EC0-301F-11D3-BF4B-00C04F79EFBC}") = "Stamps", "Stamps.csproj", "{9620AA22-E9F1-4855-95C7-5669A5602B36}"
EndProject
Global
	GlobalSection(SolutionConfigurationPlatforms) = preSolution
		Debug|Any CPU = Debug|Any CPU
		ExportDebug|Any CPU = ExportDebug|Any CPU
		ExportRelease|Any CPU = ExportRelease|Any CPU
	EndGlobalSection
	GlobalSection(ProjectConfigurationPlatforms) = postSolution
		{9620AA22-E9F1-4855-95C7-5669A5602B36}.Debug|Any CPU.ActiveCfg = Debug|Any CPU
		{9620AA22-E9F1-4855-95C7-5669A5602B36}.Debug|Any CPU.Build.0 = Debug|Any CPU
		{9620AA22-E9F1-4855-95C7-5669A5602B36}.ExportDebug|Any CPU.ActiveCfg = ExportDebug|Any CPU
		{9620AA22-E9F1-4855-95C7-5669A5602B36}.ExportDebug|Any CPU.Build.0 = ExportDebug|Any CPU
		{9620AA22-E9F1-4855-95C7-5669A5602B36}.ExportRelease|Any CPU.ActiveCfg = ExportRelease|Any CPU
		{9620AA22-E9F1-4855-95C7-5669A5602B36}.ExportRelease|Any CPU.Build.0 = ExportRelease|Any CPU
	EndGlobalSection
EndGlobal
